
Microsoft Visual Studio Solution File, Format Version 12.00
# Visual Studio Version 17
VisualStudioVersion = 17.8.34511.84
MinimumVisualStudioVersion = 10.0.40219.1
Project("{FAE04EC0-301F-11D3-BF4B-00C04F79EFBC}") = "TiendaPresentacion", "TiendaPresentacion\TiendaPresentacion.csproj", "{6F7A68F3-8B62-4ACF-91F8-0A4EC453E335}"
EndProject
Project("{FAE04EC0-301F-11D3-BF4B-00C04F79EFBC}") = "Manejadores", "Manejadores\Manejadores.csproj", "{A344D819-3B27-420B-AEB9-7E7C91FEEE17}"
EndProject
Project("{FAE04EC0-301F-11D3-BF4B-00C04F79EFBC}") = "AccesoADatos", "AccesoADatos\AccesoADatos.csproj", "{1862B9F3-924A-4149-860D-C439A2CF9632}"
EndProject
Global
	GlobalSection(SolutionConfigurationPlatforms) = preSolution
		Debug|Any CPU = Debug|Any CPU
		Release|Any CPU = Release|Any CPU
	EndGlobalSection
	GlobalSection(ProjectConfigurationPlatforms) = postSolution
		{6F7A68F3-8B62-4ACF-91F8-0A4EC453E335}.Debug|Any CPU.ActiveCfg = Debug|Any CPU
		{6F7A68F3-8B62-4ACF-91F8-0A4EC453E335}.Debug|Any CPU.Build.0 = Debug|Any CPU
		{6F7A68F3-8B62-4ACF-91F8-0A4EC453E335}.Release|Any CPU.ActiveCfg = Release|Any CPU
		{6F7A68F3-8B62-4ACF-91F8-0A4EC453E335}.Release|Any CPU.Build.0 = Release|Any CPU
		{A344D819-3B27-420B-AEB9-7E7C91FEEE17}.Debug|Any CPU.ActiveCfg = Debug|Any CPU
		{A344D819-3B27-420B-AEB9-7E7C91FEEE17}.Debug|Any CPU.Build.0 = Debug|Any CPU
		{A344D819-3B27-420B-AEB9-7E7C91FEEE17}.Release|Any CPU.ActiveCfg = Release|Any CPU
		{A344D819-3B27-420B-AEB9-7E7C91FEEE17}.Release|Any CPU.Build.0 = Release|Any CPU
		{1862B9F3-924A-4149-860D-C439A2CF9632}.Debug|Any CPU.ActiveCfg = Debug|Any CPU
		{1862B9F3-924A-4149-860D-C439A2CF9632}.Debug|Any CPU.Build.0 = Debug|Any CPU
		{1862B9F3-924A-4149-860D-C439A2CF9632}.Release|Any CPU.ActiveCfg = Release|Any CPU
		{1862B9F3-924A-4149-860D-C439A2CF9632}.Release|Any CPU.Build.0 = Release|Any CPU
	EndGlobalSection
	GlobalSection(SolutionProperties) = preSolution
		HideSolutionNode = FALSE
	EndGlobalSection
	GlobalSection(ExtensibilityGlobals) = postSolution
		SolutionGuid = {C33FC953-0B62-4844-848B-AFB11C377548}
	EndGlobalSection
EndGlobal
